
Microsoft Visual Studio Solution File, Format Version 12.00
# Visual Studio Version 17
VisualStudioVersion = 17.9.34701.34
MinimumVisualStudioVersion = 10.0.40219.1
Project("{9A19103F-16F7-4668-BE54-9A1E7A4F7556}") = "SliderTest", "SliderTest\SliderTest.csproj", "{C884DA0F-56BD-4098-9CCA-BF928F87FF08}"
EndProject
Project("{FAE04EC0-301F-11D3-BF4B-00C04F79EFBC}") = "OutsideSlider", "OutsideSlider\OutsideSlider.csproj", "{BFC328AE-D3F5-4F81-8E05-839E5DC9A7E3}"
EndProject
Global
	GlobalSection(SolutionConfigurationPlatforms) = preSolution
		Debug|Any CPU = Debug|Any CPU
		Release|Any CPU = Release|Any CPU
	EndGlobalSection
	GlobalSection(ProjectConfigurationPlatforms) = postSolution
		{C884DA0F-56BD-4098-9CCA-BF928F87FF08}.Debug|Any CPU.ActiveCfg = Debug|Any CPU
		{C884DA0F-56BD-4098-9CCA-BF928F87FF08}.Debug|Any CPU.Build.0 = Debug|Any CPU
		{C884DA0F-56BD-4098-9CCA-BF928F87FF08}.Release|Any CPU.ActiveCfg = Release|Any CPU
		{C884DA0F-56BD-4098-9CCA-BF928F87FF08}.Release|Any CPU.Build.0 = Release|Any CPU
		{BFC328AE-D3F5-4F81-8E05-839E5DC9A7E3}.Debug|Any CPU.ActiveCfg = Debug|Any CPU
		{BFC328AE-D3F5-4F81-8E05-839E5DC9A7E3}.Debug|Any CPU.Build.0 = Debug|Any CPU
		{BFC328AE-D3F5-4F81-8E05-839E5DC9A7E3}.Release|Any CPU.ActiveCfg = Release|Any CPU
		{BFC328AE-D3F5-4F81-8E05-839E5DC9A7E3}.Release|Any CPU.Build.0 = Release|Any CPU
	EndGlobalSection
	GlobalSection(SolutionProperties) = preSolution
		HideSolutionNode = FALSE
	EndGlobalSection
	GlobalSection(ExtensibilityGlobals) = postSolution
		SolutionGuid = {97903EE3-7D1E-4189-ADD9-48ADEB0CD57E}
	EndGlobalSection
EndGlobal
